
Microsoft Visual Studio Solution File, Format Version 12.00
# Visual Studio Version 16
VisualStudioVersion = 16.0.28803.352
MinimumVisualStudioVersion = 10.0.40219.1
Project("{FAE04EC0-301F-11D3-BF4B-00C04F79EFBC}") = "PiePizzeria", "PiePizzeria\PiePizzeria.csproj", "{122B5FC1-461F-413C-BF8C-AE3F21EC1F0C}"
EndProject
Global
	GlobalSection(SolutionConfigurationPlatforms) = preSolution
		Debug|Any CPU = Debug|Any CPU
		Release|Any CPU = Release|Any CPU
	EndGlobalSection
	GlobalSection(ProjectConfigurationPlatforms) = postSolution
		{122B5FC1-461F-413C-BF8C-AE3F21EC1F0C}.Debug|Any CPU.ActiveCfg = Debug|Any CPU
		{122B5FC1-461F-413C-BF8C-AE3F21EC1F0C}.Debug|Any CPU.Build.0 = Debug|Any CPU
		{122B5FC1-461F-413C-BF8C-AE3F21EC1F0C}.Release|Any CPU.ActiveCfg = Release|Any CPU
		{122B5FC1-461F-413C-BF8C-AE3F21EC1F0C}.Release|Any CPU.Build.0 = Release|Any CPU
	EndGlobalSection
	GlobalSection(SolutionProperties) = preSolution
		HideSolutionNode = FALSE
	EndGlobalSection
	GlobalSection(ExtensibilityGlobals) = postSolution
		SolutionGuid = {FC2FF96D-3845-4FD0-8CA8-064EA66300FB}
	EndGlobalSection
EndGlobal
